
Microsoft Visual Studio Solution File, Format Version 12.00
# Visual Studio Version 17
VisualStudioVersion = 17.6.33723.286
MinimumVisualStudioVersion = 10.0.40219.1
Project("{FAE04EC0-301F-11D3-BF4B-00C04F79EFBC}") = "Parser", "Parser\Parser.csproj", "{56A31D82-CB4D-43E1-B8BA-A846DE13AA0B}"
EndProject
Global
	GlobalSection(SolutionConfigurationPlatforms) = preSolution
		Debug|Any CPU = Debug|Any CPU
		Release|Any CPU = Release|Any CPU
	EndGlobalSection
	GlobalSection(ProjectConfigurationPlatforms) = postSolution
		{56A31D82-CB4D-43E1-B8BA-A846DE13AA0B}.Debug|Any CPU.ActiveCfg = Debug|Any CPU
		{56A31D82-CB4D-43E1-B8BA-A846DE13AA0B}.Debug|Any CPU.Build.0 = Debug|Any CPU
		{56A31D82-CB4D-43E1-B8BA-A846DE13AA0B}.Release|Any CPU.ActiveCfg = Release|Any CPU
		{56A31D82-CB4D-43E1-B8BA-A846DE13AA0B}.Release|Any CPU.Build.0 = Release|Any CPU
	EndGlobalSection
	GlobalSection(SolutionProperties) = preSolution
		HideSolutionNode = FALSE
	EndGlobalSection
	GlobalSection(ExtensibilityGlobals) = postSolution
		SolutionGuid = {BE25AFF6-2608-440F-B332-A67CAD3E68E5}
	EndGlobalSection
EndGlobal
